// !$*UTF8*$!
{
	archiveVersion = 1;
	classes = {
	};
	objectVersion = 55;
	objects = {

/* Begin PBXBuildFile section */
		45B61B97D87BC4811536351D /* Pods_comeover.framework in Frameworks */ = {isa = PBXBuildFile; fileRef = 62D7E397A6A929B213C2A19C /* Pods_comeover.framework */; };
		C1C441A64DAFAE14555FD722 /* Pods_comeoverTests.framework in Frameworks */ = {isa = PBXBuildFile; fileRef = 378787F72921A9C308053308 /* Pods_comeoverTests.framework */; };
		D768973ADB85D0DADA8BE4F5 /* Pods_comeover_comeoverUITests.framework in Frameworks */ = {isa = PBXBuildFile; fileRef = 6926C236D97ADC24174D9439 /* Pods_comeover_comeoverUITests.framework */; };
		FFBAA755291EDC4500309441 /* AppDelegate.swift in Sources */ = {isa = PBXBuildFile; fileRef = FFBAA754291EDC4500309441 /* AppDelegate.swift */; };
		FFBAA757291EDC4500309441 /* SceneDelegate.swift in Sources */ = {isa = PBXBuildFile; fileRef = FFBAA756291EDC4500309441 /* SceneDelegate.swift */; };
		FFBAA759291EDC4500309441 /* ViewController.swift in Sources */ = {isa = PBXBuildFile; fileRef = FFBAA758291EDC4500309441 /* ViewController.swift */; };
		FFBAA75C291EDC4500309441 /* Main.storyboard in Resources */ = {isa = PBXBuildFile; fileRef = FFBAA75A291EDC4500309441 /* Main.storyboard */; };
		FFBAA75E291EDC4700309441 /* Assets.xcassets in Resources */ = {isa = PBXBuildFile; fileRef = FFBAA75D291EDC4700309441 /* Assets.xcassets */; };
		FFBAA761291EDC4700309441 /* LaunchScreen.storyboard in Resources */ = {isa = PBXBuildFile; fileRef = FFBAA75F291EDC4700309441 /* LaunchScreen.storyboard */; };
		FFBAA76C291EDC4700309441 /* comeoverTests.swift in Sources */ = {isa = PBXBuildFile; fileRef = FFBAA76B291EDC4700309441 /* comeoverTests.swift */; };
		FFBAA776291EDC4700309441 /* comeoverUITests.swift in Sources */ = {isa = PBXBuildFile; fileRef = FFBAA775291EDC4700309441 /* comeoverUITests.swift */; };
		FFBAA778291EDC4700309441 /* comeoverUITestsLaunchTests.swift in Sources */ = {isa = PBXBuildFile; fileRef = FFBAA777291EDC4700309441 /* comeoverUITestsLaunchTests.swift */; };
/* End PBXBuildFile section */

/* Begin PBXContainerItemProxy section */
		FFBAA768291EDC4700309441 /* PBXContainerItemProxy */ = {
			isa = PBXContainerItemProxy;
			containerPortal = FFBAA749291EDC4500309441 /* Project object */;
			proxyType = 1;
			remoteGlobalIDString = FFBAA750291EDC4500309441;
			remoteInfo = comeover;
		};
		FFBAA772291EDC4700309441 /* PBXContainerItemProxy */ = {
			isa = PBXContainerItemProxy;
			containerPortal = FFBAA749291EDC4500309441 /* Project object */;
			proxyType = 1;
			remoteGlobalIDString = FFBAA750291EDC4500309441;
			remoteInfo = comeover;
		};
/* End PBXContainerItemProxy section */

/* Begin PBXFileReference section */
		1013465D42F10663C0638519 /* Pods-comeover.release.xcconfig */ = {isa = PBXFileReference; includeInIndex = 1; lastKnownFileType = text.xcconfig; name = "Pods-comeover.release.xcconfig"; path = "Target Support Files/Pods-comeover/Pods-comeover.release.xcconfig"; sourceTree = "<group>"; };
		378787F72921A9C308053308 /* Pods_comeoverTests.framework */ = {isa = PBXFileReference; explicitFileType = wrapper.framework; includeInIndex = 0; path = Pods_comeoverTests.framework; sourceTree = BUILT_PRODUCTS_DIR; };
		5526AEE83D30329E76CE4CF0 /* Pods-comeover-comeoverUITests.release.xcconfig */ = {isa = PBXFileReference; includeInIndex = 1; lastKnownFileType = text.xcconfig; name = "Pods-comeover-comeoverUITests.release.xcconfig"; path = "Target Support Files/Pods-comeover-comeoverUITests/Pods-comeover-comeoverUITests.release.xcconfig"; sourceTree = "<group>"; };
		62D7E397A6A929B213C2A19C /* Pods_comeover.framework */ = {isa = PBXFileReference; explicitFileType = wrapper.framework; includeInIndex = 0; path = Pods_comeover.framework; sourceTree = BUILT_PRODUCTS_DIR; };
		6926C236D97ADC24174D9439 /* Pods_comeover_comeoverUITests.framework */ = {isa = PBXFileReference; explicitFileType = wrapper.framework; includeInIndex = 0; path = Pods_comeover_comeoverUITests.framework; sourceTree = BUILT_PRODUCTS_DIR; };
		90A38D76E1D4A4E8D36188AF /* Pods-comeoverTests.release.xcconfig */ = {isa = PBXFileReference; includeInIndex = 1; lastKnownFileType = text.xcconfig; name = "Pods-comeoverTests.release.xcconfig"; path = "Target Support Files/Pods-comeoverTests/Pods-comeoverTests.release.xcconfig"; sourceTree = "<group>"; };
		D103A9C36401F4A9DF8A84CE /* Pods-comeover.debug.xcconfig */ = {isa = PBXFileReference; includeInIndex = 1; lastKnownFileType = text.xcconfig; name = "Pods-comeover.debug.xcconfig"; path = "Target Support Files/Pods-comeover/Pods-comeover.debug.xcconfig"; sourceTree = "<group>"; };
		DF65333C973A377CDF52014B /* Pods-comeover-comeoverUITests.debug.xcconfig */ = {isa = PBXFileReference; includeInIndex = 1; lastKnownFileType = text.xcconfig; name = "Pods-comeover-comeoverUITests.debug.xcconfig"; path = "Target Support Files/Pods-comeover-comeoverUITests/Pods-comeover-comeoverUITests.debug.xcconfig"; sourceTree = "<group>"; };
		FF59511ACCDE43F77187317B /* Pods-comeoverTests.debug.xcconfig */ = {isa = PBXFileReference; includeInIndex = 1; lastKnownFileType = text.xcconfig; name = "Pods-comeoverTests.debug.xcconfig"; path = "Target Support Files/Pods-comeoverTests/Pods-comeoverTests.debug.xcconfig"; sourceTree = "<group>"; };
		FFBAA751291EDC4500309441 /* comeover.app */ = {isa = PBXFileReference; explicitFileType = wrapper.application; includeInIndex = 0; path = comeover.app; sourceTree = BUILT_PRODUCTS_DIR; };
		FFBAA754291EDC4500309441 /* AppDelegate.swift */ = {isa = PBXFileReference; lastKnownFileType = sourcecode.swift; path = AppDelegate.swift; sourceTree = "<group>"; };
		FFBAA756291EDC4500309441 /* SceneDelegate.swift */ = {isa = PBXFileReference; lastKnownFileType = sourcecode.swift; path = SceneDelegate.swift; sourceTree = "<group>"; };
		FFBAA758291EDC4500309441 /* ViewController.swift */ = {isa = PBXFileReference; lastKnownFileType = sourcecode.swift; path = ViewController.swift; sourceTree = "<group>"; };
		FFBAA75B291EDC4500309441 /* Base */ = {isa = PBXFileReference; lastKnownFileType = file.storyboard; name = Base; path = Base.lproj/Main.storyboard; sourceTree = "<group>"; };
		FFBAA75D291EDC4700309441 /* Assets.xcassets */ = {isa = PBXFileReference; lastKnownFileType = folder.assetcatalog; path = Assets.xcassets; sourceTree = "<group>"; };
		FFBAA760291EDC4700309441 /* Base */ = {isa = PBXFileReference; lastKnownFileType = file.storyboard; name = Base; path = Base.lproj/LaunchScreen.storyboard; sourceTree = "<group>"; };
		FFBAA762291EDC4700309441 /* Info.plist */ = {isa = PBXFileReference; lastKnownFileType = text.plist.xml; path = Info.plist; sourceTree = "<group>"; };
		FFBAA767291EDC4700309441 /* comeoverTests.xctest */ = {isa = PBXFileReference; explicitFileType = wrapper.cfbundle; includeInIndex = 0; path = comeoverTests.xctest; sourceTree = BUILT_PRODUCTS_DIR; };
		FFBAA76B291EDC4700309441 /* comeoverTests.swift */ = {isa = PBXFileReference; lastKnownFileType = sourcecode.swift; path = comeoverTests.swift; sourceTree = "<group>"; };
		FFBAA771291EDC4700309441 /* comeoverUITests.xctest */ = {isa = PBXFileReference; explicitFileType = wrapper.cfbundle; includeInIndex = 0; path = comeoverUITests.xctest; sourceTree = BUILT_PRODUCTS_DIR; };
		FFBAA775291EDC4700309441 /* comeoverUITests.swift */ = {isa = PBXFileReference; lastKnownFileType = sourcecode.swift; path = comeoverUITests.swift; sourceTree = "<group>"; };
		FFBAA777291EDC4700309441 /* comeoverUITestsLaunchTests.swift */ = {isa = PBXFileReference; lastKnownFileType = sourcecode.swift; path = comeoverUITestsLaunchTests.swift; sourceTree = "<group>"; };
/* End PBXFileReference section */

/* Begin PBXFrameworksBuildPhase section */
		FFBAA74E291EDC4500309441 /* Frameworks */ = {
			isa = PBXFrameworksBuildPhase;
			buildActionMask = 2147483647;
			files = (
				45B61B97D87BC4811536351D /* Pods_comeover.framework in Frameworks */,
			);
			runOnlyForDeploymentPostprocessing = 0;
		};
		FFBAA764291EDC4700309441 /* Frameworks */ = {
			isa = PBXFrameworksBuildPhase;
			buildActionMask = 2147483647;
			files = (
				C1C441A64DAFAE14555FD722 /* Pods_comeoverTests.framework in Frameworks */,
			);
			runOnlyForDeploymentPostprocessing = 0;
		};
		FFBAA76E291EDC4700309441 /* Frameworks */ = {
			isa = PBXFrameworksBuildPhase;
			buildActionMask = 2147483647;
			files = (
				D768973ADB85D0DADA8BE4F5 /* Pods_comeover_comeoverUITests.framework in Frameworks */,
			);
			runOnlyForDeploymentPostprocessing = 0;
		};
/* End PBXFrameworksBuildPhase section */

/* Begin PBXGroup section */
		06E11B0D7FD49092AD6A4F03 /* Frameworks */ = {
			isa = PBXGroup;
			children = (
				62D7E397A6A929B213C2A19C /* Pods_comeover.framework */,
				6926C236D97ADC24174D9439 /* Pods_comeover_comeoverUITests.framework */,
				378787F72921A9C308053308 /* Pods_comeoverTests.framework */,
			);
			name = Frameworks;
			sourceTree = "<group>";
		};
		5017201ED221459B09F1F90F /* Pods */ = {
			isa = PBXGroup;
			children = (
				D103A9C36401F4A9DF8A84CE /* Pods-comeover.debug.xcconfig */,
				1013465D42F10663C0638519 /* Pods-comeover.release.xcconfig */,
				DF65333C973A377CDF52014B /* Pods-comeover-comeoverUITests.debug.xcconfig */,
				5526AEE83D30329E76CE4CF0 /* Pods-comeover-comeoverUITests.release.xcconfig */,
				FF59511ACCDE43F77187317B /* Pods-comeoverTests.debug.xcconfig */,
				90A38D76E1D4A4E8D36188AF /* Pods-comeoverTests.release.xcconfig */,
			);
			name = Pods;
			path = Pods;
			sourceTree = "<group>";
		};
		FFBAA748291EDC4500309441 = {
			isa = PBXGroup;
			children = (
				FFBAA753291EDC4500309441 /* comeover */,
				FFBAA76A291EDC4700309441 /* comeoverTests */,
				FFBAA774291EDC4700309441 /* comeoverUITests */,
				FFBAA752291EDC4500309441 /* Products */,
				5017201ED221459B09F1F90F /* Pods */,
				06E11B0D7FD49092AD6A4F03 /* Frameworks */,
			);
			sourceTree = "<group>";
		};
		FFBAA752291EDC4500309441 /* Products */ = {
			isa = PBXGroup;
			children = (
				FFBAA751291EDC4500309441 /* comeover.app */,
				FFBAA767291EDC4700309441 /* comeoverTests.xctest */,
				FFBAA771291EDC4700309441 /* comeoverUITests.xctest */,
			);
			name = Products;
			sourceTree = "<group>";
		};
		FFBAA753291EDC4500309441 /* comeover */ = {
			isa = PBXGroup;
			children = (
				FFBAA754291EDC4500309441 /* AppDelegate.swift */,
				FFBAA756291EDC4500309441 /* SceneDelegate.swift */,
				FFBAA758291EDC4500309441 /* ViewController.swift */,
				FFBAA75A291EDC4500309441 /* Main.storyboard */,
				FFBAA75D291EDC4700309441 /* Assets.xcassets */,
				FFBAA75F291EDC4700309441 /* LaunchScreen.storyboard */,
				FFBAA762291EDC4700309441 /* Info.plist */,
			);
			path = comeover;
			sourceTree = "<group>";
		};
		FFBAA76A291EDC4700309441 /* comeoverTests */ = {
			isa = PBXGroup;
			children = (
				FFBAA76B291EDC4700309441 /* comeoverTests.swift */,
			);
			path = comeoverTests;
			sourceTree = "<group>";
		};
		FFBAA774291EDC4700309441 /* comeoverUITests */ = {
			isa = PBXGroup;
			children = (
				FFBAA775291EDC4700309441 /* comeoverUITests.swift */,
				FFBAA777291EDC4700309441 /* comeoverUITestsLaunchTests.swift */,
			);
			path = comeoverUITests;
			sourceTree = "<group>";
		};
/* End PBXGroup section */

/* Begin PBXNativeTarget section */
		FFBAA750291EDC4500309441 /* comeover */ = {
			isa = PBXNativeTarget;
			buildConfigurationList = FFBAA77B291EDC4700309441 /* Build configuration list for PBXNativeTarget "comeover" */;
			buildPhases = (
				8FE4069891CF3F3D79F09485 /* [CP] Check Pods Manifest.lock */,
				FFBAA74D291EDC4500309441 /* Sources */,
				FFBAA74E291EDC4500309441 /* Frameworks */,
				FFBAA74F291EDC4500309441 /* Resources */,
				F4AB7D3E9C6185B675AE1B2F /* [CP] Embed Pods Frameworks */,
			);
			buildRules = (
			);
			dependencies = (
			);
			name = comeover;
			productName = comeover;
			productReference = FFBAA751291EDC4500309441 /* comeover.app */;
			productType = "com.apple.product-type.application";
		};
		FFBAA766291EDC4700309441 /* comeoverTests */ = {
			isa = PBXNativeTarget;
			buildConfigurationList = FFBAA77E291EDC4700309441 /* Build configuration list for PBXNativeTarget "comeoverTests" */;
			buildPhases = (
				36A2DD54D28F2ACADAB04EC5 /* [CP] Check Pods Manifest.lock */,
				FFBAA763291EDC4700309441 /* Sources */,
				FFBAA764291EDC4700309441 /* Frameworks */,
				FFBAA765291EDC4700309441 /* Resources */,
			);
			buildRules = (
			);
			dependencies = (
				FFBAA769291EDC4700309441 /* PBXTargetDependency */,
			);
			name = comeoverTests;
			productName = comeoverTests;
			productReference = FFBAA767291EDC4700309441 /* comeoverTests.xctest */;
			productType = "com.apple.product-type.bundle.unit-test";
		};
		FFBAA770291EDC4700309441 /* comeoverUITests */ = {
			isa = PBXNativeTarget;
			buildConfigurationList = FFBAA781291EDC4700309441 /* Build configuration list for PBXNativeTarget "comeoverUITests" */;
			buildPhases = (
				E61840B7535E8B4DD6623A96 /* [CP] Check Pods Manifest.lock */,
				FFBAA76D291EDC4700309441 /* Sources */,
				FFBAA76E291EDC4700309441 /* Frameworks */,
				FFBAA76F291EDC4700309441 /* Resources */,
				34EAB9EFAD1F03442ED9FFC1 /* [CP] Embed Pods Frameworks */,
			);
			buildRules = (
			);
			dependencies = (
				FFBAA773291EDC4700309441 /* PBXTargetDependency */,
			);
			name = comeoverUITests;
			productName = comeoverUITests;
			productReference = FFBAA771291EDC4700309441 /* comeoverUITests.xctest */;
			productType = "com.apple.product-type.bundle.ui-testing";
		};
/* End PBXNativeTarget section */

/* Begin PBXProject section */
		FFBAA749291EDC4500309441 /* Project object */ = {
			isa = PBXProject;
			attributes = {
				BuildIndependentTargetsInParallel = 1;
				LastSwiftUpdateCheck = 1340;
				LastUpgradeCheck = 1340;
				TargetAttributes = {
					FFBAA750291EDC4500309441 = {
						CreatedOnToolsVersion = 13.4.1;
					};
					FFBAA766291EDC4700309441 = {
						CreatedOnToolsVersion = 13.4.1;
						TestTargetID = FFBAA750291EDC4500309441;
					};
					FFBAA770291EDC4700309441 = {
						CreatedOnToolsVersion = 13.4.1;
						TestTargetID = FFBAA750291EDC4500309441;
					};
				};
			};
			buildConfigurationList = FFBAA74C291EDC4500309441 /* Build configuration list for PBXProject "comeover" */;
			compatibilityVersion = "Xcode 13.0";
			developmentRegion = en;
			hasScannedForEncodings = 0;
			knownRegions = (
				en,
				Base,
			);
			mainGroup = FFBAA748291EDC4500309441;
			productRefGroup = FFBAA752291EDC4500309441 /* Products */;
			projectDirPath = "";
			projectRoot = "";
			targets = (
				FFBAA750291EDC4500309441 /* comeover */,
				FFBAA766291EDC4700309441 /* comeoverTests */,
				FFBAA770291EDC4700309441 /* comeoverUITests */,
			);
		};
/* End PBXProject section */

/* Begin PBXResourcesBuildPhase section */
		FFBAA74F291EDC4500309441 /* Resources */ = {
			isa = PBXResourcesBuildPhase;
			buildActionMask = 2147483647;
			files = (
				FFBAA761291EDC4700309441 /* LaunchScreen.storyboard in Resources */,
				FFBAA75E291EDC4700309441 /* Assets.xcassets in Resources */,
				FFBAA75C291EDC4500309441 /* Main.storyboard in Resources */,
			);
			runOnlyForDeploymentPostprocessing = 0;
		};
		FFBAA765291EDC4700309441 /* Resources */ = {
			isa = PBXResourcesBuildPhase;
			buildActionMask = 2147483647;
			files = (
			);
			runOnlyForDeploymentPostprocessing = 0;
		};
		FFBAA76F291EDC4700309441 /* Resources */ = {
			isa = PBXResourcesBuildPhase;
			buildActionMask = 2147483647;
			files = (
			);
			runOnlyForDeploymentPostprocessing = 0;
		};
/* End PBXResourcesBuildPhase section */

/* Begin PBXShellScriptBuildPhase section */
		34EAB9EFAD1F03442ED9FFC1 /* [CP] Embed Pods Frameworks */ = {
			isa = PBXShellScriptBuildPhase;
			buildActionMask = 2147483647;
			files = (
			);
			inputFileListPaths = (
				"${PODS_ROOT}/Target Support Files/Pods-comeover-comeoverUITests/Pods-comeover-comeoverUITests-frameworks-${CONFIGURATION}-input-files.xcfilelist",
			);
			name = "[CP] Embed Pods Frameworks";
			outputFileListPaths = (
				"${PODS_ROOT}/Target Support Files/Pods-comeover-comeoverUITests/Pods-comeover-comeoverUITests-frameworks-${CONFIGURATION}-output-files.xcfilelist",
			);
			runOnlyForDeploymentPostprocessing = 0;
			shellPath = /bin/sh;
			shellScript = "\"${PODS_ROOT}/Target Support Files/Pods-comeover-comeoverUITests/Pods-comeover-comeoverUITests-frameworks.sh\"\n";
			showEnvVarsInLog = 0;
		};
		36A2DD54D28F2ACADAB04EC5 /* [CP] Check Pods Manifest.lock */ = {
			isa = PBXShellScriptBuildPhase;
			buildActionMask = 2147483647;
			files = (
			);
			inputFileListPaths = (
			);
			inputPaths = (
				"${PODS_PODFILE_DIR_PATH}/Podfile.lock",
				"${PODS_ROOT}/Manifest.lock",
			);
			name = "[CP] Check Pods Manifest.lock";
			outputFileListPaths = (
			);
			outputPaths = (
				"$(DERIVED_FILE_DIR)/Pods-comeoverTests-checkManifestLockResult.txt",
			);
			runOnlyForDeploymentPostprocessing = 0;
			shellPath = /bin/sh;
			shellScript = "diff \"${PODS_PODFILE_DIR_PATH}/Podfile.lock\" \"${PODS_ROOT}/Manifest.lock\" > /dev/null\nif [ $? != 0 ] ; then\n    # print error to STDERR\n    echo \"error: The sandbox is not in sync with the Podfile.lock. Run 'pod install' or update your CocoaPods installation.\" >&2\n    exit 1\nfi\n# This output is used by Xcode 'outputs' to avoid re-running this script phase.\necho \"SUCCESS\" > \"${SCRIPT_OUTPUT_FILE_0}\"\n";
			showEnvVarsInLog = 0;
		};
		8FE4069891CF3F3D79F09485 /* [CP] Check Pods Manifest.lock */ = {
			isa = PBXShellScriptBuildPhase;
			buildActionMask = 2147483647;
			files = (
			);
			inputFileListPaths = (
			);
			inputPaths = (
				"${PODS_PODFILE_DIR_PATH}/Podfile.lock",
				"${PODS_ROOT}/Manifest.lock",
			);
			name = "[CP] Check Pods Manifest.lock";
			outputFileListPaths = (
			);
			outputPaths = (
				"$(DERIVED_FILE_DIR)/Pods-comeover-checkManifestLockResult.txt",
			);
			runOnlyForDeploymentPostprocessing = 0;
			shellPath = /bin/sh;
			shellScript = "diff \"${PODS_PODFILE_DIR_PATH}/Podfile.lock\" \"${PODS_ROOT}/Manifest.lock\" > /dev/null\nif [ $? != 0 ] ; then\n    # print error to STDERR\n    echo \"error: The sandbox is not in sync with the Podfile.lock. Run 'pod install' or update your CocoaPods installation.\" >&2\n    exit 1\nfi\n# This output is used by Xcode 'outputs' to avoid re-running this script phase.\necho \"SUCCESS\" > \"${SCRIPT_OUTPUT_FILE_0}\"\n";
			showEnvVarsInLog = 0;
		};
		E61840B7535E8B4DD6623A96 /* [CP] Check Pods Manifest.lock */ = {
			isa = PBXShellScriptBuildPhase;
			buildActionMask = 2147483647;
			files = (
			);
			inputFileListPaths = (
			);
			inputPaths = (
				"${PODS_PODFILE_DIR_PATH}/Podfile.lock",
				"${PODS_ROOT}/Manifest.lock",
			);
			name = "[CP] Check Pods Manifest.lock";
			outputFileListPaths = (
			);
			outputPaths = (
				"$(DERIVED_FILE_DIR)/Pods-comeover-comeoverUITests-checkManifestLockResult.txt",
			);
			runOnlyForDeploymentPostprocessing = 0;
			shellPath = /bin/sh;
			shellScript = "diff \"${PODS_PODFILE_DIR_PATH}/Podfile.lock\" \"${PODS_ROOT}/Manifest.lock\" > /dev/null\nif [ $? != 0 ] ; then\n    # print error to STDERR\n    echo \"error: The sandbox is not in sync with the Podfile.lock. Run 'pod install' or update your CocoaPods installation.\" >&2\n    exit 1\nfi\n# This output is used by Xcode 'outputs' to avoid re-running this script phase.\necho \"SUCCESS\" > \"${SCRIPT_OUTPUT_FILE_0}\"\n";
			showEnvVarsInLog = 0;
		};
		F4AB7D3E9C6185B675AE1B2F /* [CP] Embed Pods Frameworks */ = {
			isa = PBXShellScriptBuildPhase;
			buildActionMask = 2147483647;
			files = (
			);
			inputFileListPaths = (
				"${PODS_ROOT}/Target Support Files/Pods-comeover/Pods-comeover-frameworks-${CONFIGURATION}-input-files.xcfilelist",
			);
			name = "[CP] Embed Pods Frameworks";
			outputFileListPaths = (
				"${PODS_ROOT}/Target Support Files/Pods-comeover/Pods-comeover-frameworks-${CONFIGURATION}-output-files.xcfilelist",
			);
			runOnlyForDeploymentPostprocessing = 0;
			shellPath = /bin/sh;
			shellScript = "\"${PODS_ROOT}/Target Support Files/Pods-comeover/Pods-comeover-frameworks.sh\"\n";
			showEnvVarsInLog = 0;
		};
/* End PBXShellScriptBuildPhase section */

/* Begin PBXSourcesBuildPhase section */
		FFBAA74D291EDC4500309441 /* Sources */ = {
			isa = PBXSourcesBuildPhase;
			buildActionMask = 2147483647;
			files = (
				FFBAA759291EDC4500309441 /* ViewController.swift in Sources */,
				FFBAA755291EDC4500309441 /* AppDelegate.swift in Sources */,
				FFBAA757291EDC4500309441 /* SceneDelegate.swift in Sources */,
			);
			runOnlyForDeploymentPostprocessing = 0;
		};
		FFBAA763291EDC4700309441 /* Sources */ = {
			isa = PBXSourcesBuildPhase;
			buildActionMask = 2147483647;
			files = (
				FFBAA76C291EDC4700309441 /* comeoverTests.swift in Sources */,
			);
			runOnlyForDeploymentPostprocessing = 0;
		};
		FFBAA76D291EDC4700309441 /* Sources */ = {
			isa = PBXSourcesBuildPhase;
			buildActionMask = 2147483647;
			files = (
				FFBAA778291EDC4700309441 /* comeoverUITestsLaunchTests.swift in Sources */,
				FFBAA776291EDC4700309441 /* comeoverUITests.swift in Sources */,
			);
			runOnlyForDeploymentPostprocessing = 0;
		};
/* End PBXSourcesBuildPhase section */

/* Begin PBXTargetDependency section */
		FFBAA769291EDC4700309441 /* PBXTargetDependency */ = {
			isa = PBXTargetDependency;
			target = FFBAA750291EDC4500309441 /* comeover */;
			targetProxy = FFBAA768291EDC4700309441 /* PBXContainerItemProxy */;
		};
		FFBAA773291EDC4700309441 /* PBXTargetDependency */ = {
			isa = PBXTargetDependency;
			target = FFBAA750291EDC4500309441 /* comeover */;
			targetProxy = FFBAA772291EDC4700309441 /* PBXContainerItemProxy */;
		};
/* End PBXTargetDependency section */

/* Begin PBXVariantGroup section */
		FFBAA75A291EDC4500309441 /* Main.storyboard */ = {
			isa = PBXVariantGroup;
			children = (
				FFBAA75B291EDC4500309441 /* Base */,
			);
			name = Main.storyboard;
			sourceTree = "<group>";
		};
		FFBAA75F291EDC4700309441 /* LaunchScreen.storyboard */ = {
			isa = PBXVariantGroup;
			children = (
				FFBAA760291EDC4700309441 /* Base */,
			);
			name = LaunchScreen.storyboard;
			sourceTree = "<group>";
		};
/* End PBXVariantGroup section */

/* Begin XCBuildConfiguration section */
		FFBAA779291EDC4700309441 /* Debug */ = {
			isa = XCBuildConfiguration;
			buildSettings = {
				ALWAYS_SEARCH_USER_PATHS = NO;
				CLANG_ANALYZER_NONNULL = YES;
				CLANG_ANALYZER_NUMBER_OBJECT_CONVERSION = YES_AGGRESSIVE;
				CLANG_CXX_LANGUAGE_STANDARD = "gnu++17";
				CLANG_ENABLE_MODULES = YES;
				CLANG_ENABLE_OBJC_ARC = YES;
				CLANG_ENABLE_OBJC_WEAK = YES;
				CLANG_WARN_BLOCK_CAPTURE_AUTORELEASING = YES;
				CLANG_WARN_BOOL_CONVERSION = YES;
				CLANG_WARN_COMMA = YES;
				CLANG_WARN_CONSTANT_CONVERSION = YES;
				CLANG_WARN_DEPRECATED_OBJC_IMPLEMENTATIONS = YES;
				CLANG_WARN_DIRECT_OBJC_ISA_USAGE = YES_ERROR;
				CLANG_WARN_DOCUMENTATION_COMMENTS = YES;
				CLANG_WARN_EMPTY_BODY = YES;
				CLANG_WARN_ENUM_CONVERSION = YES;
				CLANG_WARN_INFINITE_RECURSION = YES;
				CLANG_WARN_INT_CONVERSION = YES;
				CLANG_WARN_NON_LITERAL_NULL_CONVERSION = YES;
				CLANG_WARN_OBJC_IMPLICIT_RETAIN_SELF = YES;
				CLANG_WARN_OBJC_LITERAL_CONVERSION = YES;
				CLANG_WARN_OBJC_ROOT_CLASS = YES_ERROR;
				CLANG_WARN_QUOTED_INCLUDE_IN_FRAMEWORK_HEADER = YES;
				CLANG_WARN_RANGE_LOOP_ANALYSIS = YES;
				CLANG_WARN_STRICT_PROTOTYPES = YES;
				CLANG_WARN_SUSPICIOUS_MOVE = YES;
				CLANG_WARN_UNGUARDED_AVAILABILITY = YES_AGGRESSIVE;
				CLANG_WARN_UNREACHABLE_CODE = YES;
				CLANG_WARN__DUPLICATE_METHOD_MATCH = YES;
				COPY_PHASE_STRIP = NO;
				DEBUG_INFORMATION_FORMAT = dwarf;
				ENABLE_STRICT_OBJC_MSGSEND = YES;
				ENABLE_TESTABILITY = YES;
				GCC_C_LANGUAGE_STANDARD = gnu11;
				GCC_DYNAMIC_NO_PIC = NO;
				GCC_NO_COMMON_BLOCKS = YES;
				GCC_OPTIMIZATION_LEVEL = 0;
				GCC_PREPROCESSOR_DEFINITIONS = (
					"DEBUG=1",
					"$(inherited)",
				);
				GCC_WARN_64_TO_32_BIT_CONVERSION = YES;
				GCC_WARN_ABOUT_RETURN_TYPE = YES_ERROR;
				GCC_WARN_UNDECLARED_SELECTOR = YES;
				GCC_WARN_UNINITIALIZED_AUTOS = YES_AGGRESSIVE;
				GCC_WARN_UNUSED_FUNCTION = YES;
				GCC_WARN_UNUSED_VARIABLE = YES;
				IPHONEOS_DEPLOYMENT_TARGET = 15.5;
				MTL_ENABLE_DEBUG_INFO = INCLUDE_SOURCE;
				MTL_FAST_MATH = YES;
				ONLY_ACTIVE_ARCH = YES;
				SDKROOT = iphoneos;
				SWIFT_ACTIVE_COMPILATION_CONDITIONS = DEBUG;
				SWIFT_OPTIMIZATION_LEVEL = "-Onone";
			};
			name = Debug;
		};
		FFBAA77A291EDC4700309441 /* Release */ = {
			isa = XCBuildConfiguration;
			buildSettings = {
				ALWAYS_SEARCH_USER_PATHS = NO;
				CLANG_ANALYZER_NONNULL = YES;
				CLANG_ANALYZER_NUMBER_OBJECT_CONVERSION = YES_AGGRESSIVE;
				CLANG_CXX_LANGUAGE_STANDARD = "gnu++17";
				CLANG_ENABLE_MODULES = YES;
				CLANG_ENABLE_OBJC_ARC = YES;
				CLANG_ENABLE_OBJC_WEAK = YES;
				CLANG_WARN_BLOCK_CAPTURE_AUTORELEASING = YES;
				CLANG_WARN_BOOL_CONVERSION = YES;
				CLANG_WARN_COMMA = YES;
				CLANG_WARN_CONSTANT_CONVERSION = YES;
				CLANG_WARN_DEPRECATED_OBJC_IMPLEMENTATIONS = YES;
				CLANG_WARN_DIRECT_OBJC_ISA_USAGE = YES_ERROR;
				CLANG_WARN_DOCUMENTATION_COMMENTS = YES;
				CLANG_WARN_EMPTY_BODY = YES;
				CLANG_WARN_ENUM_CONVERSION = YES;
				CLANG_WARN_INFINITE_RECURSION = YES;
				CLANG_WARN_INT_CONVERSION = YES;
				CLANG_WARN_NON_LITERAL_NULL_CONVERSION = YES;
				CLANG_WARN_OBJC_IMPLICIT_RETAIN_SELF = YES;
				CLANG_WARN_OBJC_LITERAL_CONVERSION = YES;
				CLANG_WARN_OBJC_ROOT_CLASS = YES_ERROR;
				CLANG_WARN_QUOTED_INCLUDE_IN_FRAMEWORK_HEADER = YES;
				CLANG_WARN_RANGE_LOOP_ANALYSIS = YES;
				CLANG_WARN_STRICT_PROTOTYPES = YES;
				CLANG_WARN_SUSPICIOUS_MOVE = YES;
				CLANG_WARN_UNGUARDED_AVAILABILITY = YES_AGGRESSIVE;
				CLANG_WARN_UNREACHABLE_CODE = YES;
				CLANG_WARN__DUPLICATE_METHOD_MATCH = YES;
				COPY_PHASE_STRIP = NO;
				DEBUG_INFORMATION_FORMAT = "dwarf-with-dsym";
				ENABLE_NS_ASSERTIONS = NO;
				ENABLE_STRICT_OBJC_MSGSEND = YES;
				GCC_C_LANGUAGE_STANDARD = gnu11;
				GCC_NO_COMMON_BLOCKS = YES;
				GCC_WARN_64_TO_32_BIT_CONVERSION = YES;
				GCC_WARN_ABOUT_RETURN_TYPE = YES_ERROR;
				GCC_WARN_UNDECLARED_SELECTOR = YES;
				GCC_WARN_UNINITIALIZED_AUTOS = YES_AGGRESSIVE;
				GCC_WARN_UNUSED_FUNCTION = YES;
				GCC_WARN_UNUSED_VARIABLE = YES;
				IPHONEOS_DEPLOYMENT_TARGET = 15.5;
				MTL_ENABLE_DEBUG_INFO = NO;
				MTL_FAST_MATH = YES;
				SDKROOT = iphoneos;
				SWIFT_COMPILATION_MODE = wholemodule;
				SWIFT_OPTIMIZATION_LEVEL = "-O";
				VALIDATE_PRODUCT = YES;
			};
			name = Release;
		};
		FFBAA77C291EDC4700309441 /* Debug */ = {
			isa = XCBuildConfiguration;
			baseConfigurationReference = D103A9C36401F4A9DF8A84CE /* Pods-comeover.debug.xcconfig */;
			buildSettings = {
				ASSETCATALOG_COMPILER_APPICON_NAME = AppIcon;
				ASSETCATALOG_COMPILER_GLOBAL_ACCENT_COLOR_NAME = AccentColor;
				CODE_SIGN_STYLE = Automatic;
				CURRENT_PROJECT_VERSION = 1;
				GENERATE_INFOPLIST_FILE = YES;
				INFOPLIST_FILE = comeover/Info.plist;
				INFOPLIST_KEY_UIApplicationSupportsIndirectInputEvents = YES;
				INFOPLIST_KEY_UILaunchStoryboardName = LaunchScreen;
				INFOPLIST_KEY_UIMainStoryboardFile = Main;
				INFOPLIST_KEY_UISupportedInterfaceOrientations_iPad = "UIInterfaceOrientationPortrait UIInterfaceOrientationPortraitUpsideDown UIInterfaceOrientationLandscapeLeft UIInterfaceOrientationLandscapeRight";
				INFOPLIST_KEY_UISupportedInterfaceOrientations_iPhone = "UIInterfaceOrientationPortrait UIInterfaceOrientationLandscapeLeft UIInterfaceOrientationLandscapeRight";
				LD_RUNPATH_SEARCH_PATHS = (
					"$(inherited)",
					"@executable_path/Frameworks",
				);
				MARKETING_VERSION = 1.0;
				PRODUCT_BUNDLE_IDENTIFIER = com.comeover.comeover;
				PRODUCT_NAME = "$(TARGET_NAME)";
				SWIFT_EMIT_LOC_STRINGS = YES;
				SWIFT_VERSION = 5.0;
				TARGETED_DEVICE_FAMILY = "1,2";
			};
			name = Debug;
		};
		FFBAA77D291EDC4700309441 /* Release */ = {
			isa = XCBuildConfiguration;
			baseConfigurationReference = 1013465D42F10663C0638519 /* Pods-comeover.release.xcconfig */;
			buildSettings = {
				ASSETCATALOG_COMPILER_APPICON_NAME = AppIcon;
				ASSETCATALOG_COMPILER_GLOBAL_ACCENT_COLOR_NAME = AccentColor;
				CODE_SIGN_STYLE = Automatic;
				CURRENT_PROJECT_VERSION = 1;
				GENERATE_INFOPLIST_FILE = YES;
				INFOPLIST_FILE = comeover/Info.plist;
				INFOPLIST_KEY_UIApplicationSupportsIndirectInputEvents = YES;
				INFOPLIST_KEY_UILaunchStoryboardName = LaunchScreen;
				INFOPLIST_KEY_UIMainStoryboardFile = Main;
				INFOPLIST_KEY_UISupportedInterfaceOrientations_iPad = "UIInterfaceOrientationPortrait UIInterfaceOrientationPortraitUpsideDown UIInterfaceOrientationLandscapeLeft UIInterfaceOrientationLandscapeRight";
				INFOPLIST_KEY_UISupportedInterfaceOrientations_iPhone = "UIInterfaceOrientationPortrait UIInterfaceOrientationLandscapeLeft UIInterfaceOrientationLandscapeRight";
				LD_RUNPATH_SEARCH_PATHS = (
					"$(inherited)",
					"@executable_path/Frameworks",
				);
				MARKETING_VERSION = 1.0;
				PRODUCT_BUNDLE_IDENTIFIER = com.comeover.comeover;
				PRODUCT_NAME = "$(TARGET_NAME)";
				SWIFT_EMIT_LOC_STRINGS = YES;
				SWIFT_VERSION = 5.0;
				TARGETED_DEVICE_FAMILY = "1,2";
			};
			name = Release;
		};
		FFBAA77F291EDC4700309441 /* Debug */ = {
			isa = XCBuildConfiguration;
			baseConfigurationReference = FF59511ACCDE43F77187317B /* Pods-comeoverTests.debug.xcconfig */;
			buildSettings = {
				ALWAYS_EMBED_SWIFT_STANDARD_LIBRARIES = YES;
				BUNDLE_LOADER = "$(TEST_HOST)";
				CODE_SIGN_STYLE = Automatic;
				CURRENT_PROJECT_VERSION = 1;
				GENERATE_INFOPLIST_FILE = YES;
				IPHONEOS_DEPLOYMENT_TARGET = 15.5;
				MARKETING_VERSION = 1.0;
				PRODUCT_BUNDLE_IDENTIFIER = com.comeover.comeoverTests;
				PRODUCT_NAME = "$(TARGET_NAME)";
				SWIFT_EMIT_LOC_STRINGS = NO;
				SWIFT_VERSION = 5.0;
				TARGETED_DEVICE_FAMILY = "1,2";
				TEST_HOST = "$(BUILT_PRODUCTS_DIR)/comeover.app/comeover";
			};
			name = Debug;
		};
		FFBAA780291EDC4700309441 /* Release */ = {
			isa = XCBuildConfiguration;
			baseConfigurationReference = 90A38D76E1D4A4E8D36188AF /* Pods-comeoverTests.release.xcconfig */;
			buildSettings = {
				ALWAYS_EMBED_SWIFT_STANDARD_LIBRARIES = YES;
				BUNDLE_LOADER = "$(TEST_HOST)";
				CODE_SIGN_STYLE = Automatic;
				CURRENT_PROJECT_VERSION = 1;
				GENERATE_INFOPLIST_FILE = YES;
				IPHONEOS_DEPLOYMENT_TARGET = 15.5;
				MARKETING_VERSION = 1.0;
				PRODUCT_BUNDLE_IDENTIFIER = com.comeover.comeoverTests;
				PRODUCT_NAME = "$(TARGET_NAME)";
				SWIFT_EMIT_LOC_STRINGS = NO;
				SWIFT_VERSION = 5.0;
				TARGETED_DEVICE_FAMILY = "1,2";
				TEST_HOST = "$(BUILT_PRODUCTS_DIR)/comeover.app/comeover";
			};
			name = Release;
		};
		FFBAA782291EDC4700309441 /* Debug */ = {
			isa = XCBuildConfiguration;
			baseConfigurationReference = DF65333C973A377CDF52014B /* Pods-comeover-comeoverUITests.debug.xcconfig */;
			buildSettings = {
				ALWAYS_EMBED_SWIFT_STANDARD_LIBRARIES = YES;
				CODE_SIGN_STYLE = Automatic;
				CURRENT_PROJECT_VERSION = 1;
				GENERATE_INFOPLIST_FILE = YES;
				MARKETING_VERSION = 1.0;
				PRODUCT_BUNDLE_IDENTIFIER = com.comeover.comeoverUITests;
				PRODUCT_NAME = "$(TARGET_NAME)";
				SWIFT_EMIT_LOC_STRINGS = NO;
				SWIFT_VERSION = 5.0;
				TARGETED_DEVICE_FAMILY = "1,2";
				TEST_TARGET_NAME = comeover;
			};
			name = Debug;
		};
		FFBAA783291EDC4700309441 /* Release */ = {
			isa = XCBuildConfiguration;
			baseConfigurationReference = 5526AEE83D30329E76CE4CF0 /* Pods-comeover-comeoverUITests.release.xcconfig */;
			buildSettings = {
				ALWAYS_EMBED_SWIFT_STANDARD_LIBRARIES = YES;
				CODE_SIGN_STYLE = Automatic;
				CURRENT_PROJECT_VERSION = 1;
				GENERATE_INFOPLIST_FILE = YES;
				MARKETING_VERSION = 1.0;
				PRODUCT_BUNDLE_IDENTIFIER = com.comeover.comeoverUITests;
				PRODUCT_NAME = "$(TARGET_NAME)";
				SWIFT_EMIT_LOC_STRINGS = NO;
				SWIFT_VERSION = 5.0;
				TARGETED_DEVICE_FAMILY = "1,2";
				TEST_TARGET_NAME = comeover;
			};
			name = Release;
		};
/* End XCBuildConfiguration section */

/* Begin XCConfigurationList section */
		FFBAA74C291EDC4500309441 /* Build configuration list for PBXProject "comeover" */ = {
			isa = XCConfigurationList;
			buildConfigurations = (
				FFBAA779291EDC4700309441 /* Debug */,
				FFBAA77A291EDC4700309441 /* Release */,
			);
			defaultConfigurationIsVisible = 0;
			defaultConfigurationName = Release;
		};
		FFBAA77B291EDC4700309441 /* Build configuration list for PBXNativeTarget "comeover" */ = {
			isa = XCConfigurationList;
			buildConfigurations = (
				FFBAA77C291EDC4700309441 /* Debug */,
				FFBAA77D291EDC4700309441 /* Release */,
			);
			defaultConfigurationIsVisible = 0;
			defaultConfigurationName = Release;
		};
		FFBAA77E291EDC4700309441 /* Build configuration list for PBXNativeTarget "comeoverTests" */ = {
			isa = XCConfigurationList;
			buildConfigurations = (
				FFBAA77F291EDC4700309441 /* Debug */,
				FFBAA780291EDC4700309441 /* Release */,
			);
			defaultConfigurationIsVisible = 0;
			defaultConfigurationName = Release;
		};
		FFBAA781291EDC4700309441 /* Build configuration list for PBXNativeTarget "comeoverUITests" */ = {
			isa = XCConfigurationList;
			buildConfigurations = (
				FFBAA782291EDC4700309441 /* Debug */,
				FFBAA783291EDC4700309441 /* Release */,
			);
			defaultConfigurationIsVisible = 0;
			defaultConfigurationName = Release;
		};
/* End XCConfigurationList section */
	};
	rootObject = FFBAA749291EDC4500309441 /* Project object */;
}
